
Microsoft Visual Studio Solution File, Format Version 11.00
# Visual Studio 2010
Project("{FAE04EC0-301F-11D3-BF4B-00C04F79EFBC}") = "StealME.Server.Networking.Client", "StealME.Server.Networking.Client.csproj", "{0268CA7E-2E39-4B23-84EA-75DDB1A8863C}"
EndProject
Global
	GlobalSection(SolutionConfigurationPlatforms) = preSolution
		Debug|x86 = Debug|x86
		Release|x86 = Release|x86
	EndGlobalSection
	GlobalSection(ProjectConfigurationPlatforms) = postSolution
		{0268CA7E-2E39-4B23-84EA-75DDB1A8863C}.Debug|x86.ActiveCfg = Debug|x86
		{0268CA7E-2E39-4B23-84EA-75DDB1A8863C}.Debug|x86.Build.0 = Debug|x86
		{0268CA7E-2E39-4B23-84EA-75DDB1A8863C}.Release|x86.ActiveCfg = Release|x86
		{0268CA7E-2E39-4B23-84EA-75DDB1A8863C}.Release|x86.Build.0 = Release|x86
	EndGlobalSection
	GlobalSection(SolutionProperties) = preSolution
		HideSolutionNode = FALSE
	EndGlobalSection
EndGlobal
